
Microsoft Visual Studio Solution File, Format Version 12.00
# Visual Studio Version 16
VisualStudioVersion = 25.0.1704.2
MinimumVisualStudioVersion = 10.0.40219.1
Project("{FAE04EC0-301F-11D3-BF4B-00C04F79EFBC}") = "IterationStatements", "IterationStatements.csproj", "{BBDD86DB-6E80-4346-8CB8-2C81B6AAF3DB}"
EndProject
Global
	GlobalSection(SolutionConfigurationPlatforms) = preSolution
		Debug|Any CPU = Debug|Any CPU
		Release|Any CPU = Release|Any CPU
	EndGlobalSection
	GlobalSection(ProjectConfigurationPlatforms) = postSolution
		{BBDD86DB-6E80-4346-8CB8-2C81B6AAF3DB}.Debug|Any CPU.ActiveCfg = Debug|Any CPU
		{BBDD86DB-6E80-4346-8CB8-2C81B6AAF3DB}.Debug|Any CPU.Build.0 = Debug|Any CPU
		{BBDD86DB-6E80-4346-8CB8-2C81B6AAF3DB}.Release|Any CPU.ActiveCfg = Release|Any CPU
		{BBDD86DB-6E80-4346-8CB8-2C81B6AAF3DB}.Release|Any CPU.Build.0 = Release|Any CPU
	EndGlobalSection
	GlobalSection(SolutionProperties) = preSolution
		HideSolutionNode = FALSE
	EndGlobalSection
	GlobalSection(ExtensibilityGlobals) = postSolution
		SolutionGuid = {8E000275-BC5D-488F-9A8C-21032BFACFF9}
	EndGlobalSection
EndGlobal
